
Microsoft Visual Studio Solution File, Format Version 12.00
# Visual Studio Version 16
VisualStudioVersion = 16.0.32630.194
MinimumVisualStudioVersion = 10.0.40219.1
Project("{FAE04EC0-301F-11D3-BF4B-00C04F79EFBC}") = "PizzaPan.PresentationLayer", "Casgem_CoreProject\PizzaPan.PresentationLayer.csproj", "{E9AB6777-7F9F-4701-ABB0-591E85D13E0D}"
EndProject
Project("{FAE04EC0-301F-11D3-BF4B-00C04F79EFBC}") = "PizzaPan.EntityLayer", "PizzaPan.EntityLayer\PizzaPan.EntityLayer.csproj", "{62AFF44D-9423-46C3-8943-F2063BF2A2C3}"
EndProject
Project("{FAE04EC0-301F-11D3-BF4B-00C04F79EFBC}") = "PizzaPan.DataAccessLayer", "PizzaPan.DataAccessLayer\PizzaPan.DataAccessLayer.csproj", "{82DCDB48-573F-43E5-915A-6963E089CD97}"
EndProject
Project("{FAE04EC0-301F-11D3-BF4B-00C04F79EFBC}") = "PizzaPan.BusinessLayer", "PizzaPan.BusinessLayer\PizzaPan.BusinessLayer.csproj", "{FEDB2453-AF99-4AFD-B690-F5A4972DAF5F}"
EndProject
Global
	GlobalSection(SolutionConfigurationPlatforms) = preSolution
		Debug|Any CPU = Debug|Any CPU
		Release|Any CPU = Release|Any CPU
	EndGlobalSection
	GlobalSection(ProjectConfigurationPlatforms) = postSolution
		{E9AB6777-7F9F-4701-ABB0-591E85D13E0D}.Debug|Any CPU.ActiveCfg = Debug|Any CPU
		{E9AB6777-7F9F-4701-ABB0-591E85D13E0D}.Debug|Any CPU.Build.0 = Debug|Any CPU
		{E9AB6777-7F9F-4701-ABB0-591E85D13E0D}.Release|Any CPU.ActiveCfg = Release|Any CPU
		{E9AB6777-7F9F-4701-ABB0-591E85D13E0D}.Release|Any CPU.Build.0 = Release|Any CPU
		{62AFF44D-9423-46C3-8943-F2063BF2A2C3}.Debug|Any CPU.ActiveCfg = Debug|Any CPU
		{62AFF44D-9423-46C3-8943-F2063BF2A2C3}.Debug|Any CPU.Build.0 = Debug|Any CPU
		{62AFF44D-9423-46C3-8943-F2063BF2A2C3}.Release|Any CPU.ActiveCfg = Release|Any CPU
		{62AFF44D-9423-46C3-8943-F2063BF2A2C3}.Release|Any CPU.Build.0 = Release|Any CPU
		{82DCDB48-573F-43E5-915A-6963E089CD97}.Debug|Any CPU.ActiveCfg = Debug|Any CPU
		{82DCDB48-573F-43E5-915A-6963E089CD97}.Debug|Any CPU.Build.0 = Debug|Any CPU
		{82DCDB48-573F-43E5-915A-6963E089CD97}.Release|Any CPU.ActiveCfg = Release|Any CPU
		{82DCDB48-573F-43E5-915A-6963E089CD97}.Release|Any CPU.Build.0 = Release|Any CPU
		{FEDB2453-AF99-4AFD-B690-F5A4972DAF5F}.Debug|Any CPU.ActiveCfg = Debug|Any CPU
		{FEDB2453-AF99-4AFD-B690-F5A4972DAF5F}.Debug|Any CPU.Build.0 = Debug|Any CPU
		{FEDB2453-AF99-4AFD-B690-F5A4972DAF5F}.Release|Any CPU.ActiveCfg = Release|Any CPU
		{FEDB2453-AF99-4AFD-B690-F5A4972DAF5F}.Release|Any CPU.Build.0 = Release|Any CPU
	EndGlobalSection
	GlobalSection(SolutionProperties) = preSolution
		HideSolutionNode = FALSE
	EndGlobalSection
	GlobalSection(ExtensibilityGlobals) = postSolution
		SolutionGuid = {0AFB9942-3643-4086-B052-A6D7741A7B5E}
	EndGlobalSection
EndGlobal
